
Microsoft Visual Studio Solution File, Format Version 12.00
# Visual Studio Version 16
VisualStudioVersion = 16.0.29123.88
MinimumVisualStudioVersion = 10.0.40219.1
Project("{FAE04EC0-301F-11D3-BF4B-00C04F79EFBC}") = "ParserXML", "ParserXML\ParserXML.csproj", "{DD3D283F-E52D-44CF-B80D-F55665243AEC}"
EndProject
Global
	GlobalSection(SolutionConfigurationPlatforms) = preSolution
		Debug|Any CPU = Debug|Any CPU
		Release|Any CPU = Release|Any CPU
	EndGlobalSection
	GlobalSection(ProjectConfigurationPlatforms) = postSolution
		{DD3D283F-E52D-44CF-B80D-F55665243AEC}.Debug|Any CPU.ActiveCfg = Debug|Any CPU
		{DD3D283F-E52D-44CF-B80D-F55665243AEC}.Debug|Any CPU.Build.0 = Debug|Any CPU
		{DD3D283F-E52D-44CF-B80D-F55665243AEC}.Release|Any CPU.ActiveCfg = Release|Any CPU
		{DD3D283F-E52D-44CF-B80D-F55665243AEC}.Release|Any CPU.Build.0 = Release|Any CPU
	EndGlobalSection
	GlobalSection(SolutionProperties) = preSolution
		HideSolutionNode = FALSE
	EndGlobalSection
	GlobalSection(ExtensibilityGlobals) = postSolution
		SolutionGuid = {D8E6F939-4536-41B3-A095-38C388E89320}
	EndGlobalSection
EndGlobal
